{
	"name": "@trend/button",
	"version": "0.3.0",
	"lockfileVersion": 1,
	"requires": true,
	"dependencies": {
		"@trend/helpers": {
			"version": "0.3.0",
			"resolved": "https://registry.npmjs.org/@trend/helpers/-/helpers-0.3.0.tgz",
			"integrity": "sha512-IrNaGRkzy6Y1Oj6Z2i2C9fcnAsoQqhFIpd5NqLpPwiIrtFPa0axggv9vlhkBU8kOlaKNQ0Ytdfl3stkBUUiq0g=="
		},
		"@trend/theme": {
			"version": "0.3.0",
			"resolved": "https://registry.npmjs.org/@trend/theme/-/theme-0.3.0.tgz",
			"integrity": "sha512-BAnQ03jpbuZoQjn/bczWsluomEhIrqx2JmA1cgikV046Zo1U7SixZ+tHdtCKhrhO/kAHr1jJnHe37x2bFniIZQ==",
			"requires": {
				"@trend/helpers": "^0.3.0"
			}
		},
		"@trend/type": {
			"version": "0.3.0",
			"resolved": "https://registry.npmjs.org/@trend/type/-/type-0.3.0.tgz",
			"integrity": "sha512-mgAbyj33QZKb4nOQcboopAetGfpf0MvF8YD+1SoUGm+DUoeSvcWV+RBaZWZ5hZ6dtizTDnESe1/YHtF9oZzquw==",
			"requires": {
				"@trend/helpers": "^0.3.0"
			}
		},
		"js-tokens": {
			"version": "4.0.0",
			"resolved": "https://registry.npmjs.org/js-tokens/-/js-tokens-4.0.0.tgz",
			"integrity": "sha512-RdJUflcE3cUzKiMqQgsCu06FPu9UdIJO0beYbPhHN4k6apgJtifcoCtT9bcxOpYBtpD2kCM6Sbzg4CausW/PKQ=="
		},
		"loose-envify": {
			"version": "1.4.0",
			"resolved": "https://registry.npmjs.org/loose-envify/-/loose-envify-1.4.0.tgz",
			"integrity": "sha512-lyuxPGr/Wfhrlem2CL/UcnUc1zcqKAImBDzukY7Y5F/yQiNdko6+fRLevlw1HgMySw7f611UIY408EtxRSoK3Q==",
			"requires": {
				"js-tokens": "^3.0.0 || ^4.0.0"
			}
		},
		"object-assign": {
			"version": "4.1.1",
			"resolved": "https://registry.npmjs.org/object-assign/-/object-assign-4.1.1.tgz",
			"integrity": "sha1-IQmtx5ZYh8/AXLvUQsrIv7s2CGM="
		},
		"prop-types": {
			"version": "15.6.2",
			"resolved": "https://registry.npmjs.org/prop-types/-/prop-types-15.6.2.tgz",
			"integrity": "sha512-3pboPvLiWD7dkI3qf3KbUe6hKFKa52w+AE0VCqECtf+QHAKgOL37tTaNCnuX1nAAQ4ZhyP+kYVKf8rLmJ/feDQ==",
			"requires": {
				"loose-envify": "^1.3.1",
				"object-assign": "^4.1.1"
			}
		}
	}
}
